
Microsoft Visual Studio Solution File, Format Version 12.00
# Visual Studio Version 17
VisualStudioVersion = 17.11.35222.181
MinimumVisualStudioVersion = 10.0.40219.1
Project("{FAE04EC0-301F-11D3-BF4B-00C04F79EFBC}") = "Компилятор", "Компилятор\Компилятор.csproj", "{69439F49-BA51-4AA6-92E1-67DFCA0934C3}"
EndProject
Global
	GlobalSection(SolutionConfigurationPlatforms) = preSolution
		Debug|Any CPU = Debug|Any CPU
		Release|Any CPU = Release|Any CPU
	EndGlobalSection
	GlobalSection(ProjectConfigurationPlatforms) = postSolution
		{69439F49-BA51-4AA6-92E1-67DFCA0934C3}.Debug|Any CPU.ActiveCfg = Debug|Any CPU
		{69439F49-BA51-4AA6-92E1-67DFCA0934C3}.Debug|Any CPU.Build.0 = Debug|Any CPU
		{69439F49-BA51-4AA6-92E1-67DFCA0934C3}.Release|Any CPU.ActiveCfg = Release|Any CPU
		{69439F49-BA51-4AA6-92E1-67DFCA0934C3}.Release|Any CPU.Build.0 = Release|Any CPU
	EndGlobalSection
	GlobalSection(SolutionProperties) = preSolution
		HideSolutionNode = FALSE
	EndGlobalSection
	GlobalSection(ExtensibilityGlobals) = postSolution
		SolutionGuid = {BEF23528-DA31-4E25-A7B1-1A2A1BE040AD}
	EndGlobalSection
EndGlobal
